// !$*UTF8*$!
{
	archiveVersion = 1;
	classes = {
	};
	objectVersion = 50;
	objects = {

/* Begin PBXBuildFile section */
		DAD5FBCE2336534B00BF5620 /* AppDelegate.swift in Sources */ = {isa = PBXBuildFile; fileRef = DAD5FBCD2336534B00BF5620 /* AppDelegate.swift */; };
		DAD5FBD02336534B00BF5620 /* SceneDelegate.swift in Sources */ = {isa = PBXBuildFile; fileRef = DAD5FBCF2336534B00BF5620 /* SceneDelegate.swift */; };
		DAD5FBD22336534B00BF5620 /* ViewController.swift in Sources */ = {isa = PBXBuildFile; fileRef = DAD5FBD12336534B00BF5620 /* ViewController.swift */; };
		DAD5FBD52336534B00BF5620 /* Main.storyboard in Resources */ = {isa = PBXBuildFile; fileRef = DAD5FBD32336534B00BF5620 /* Main.storyboard */; };
		DAD5FBD72336534C00BF5620 /* Assets.xcassets in Resources */ = {isa = PBXBuildFile; fileRef = DAD5FBD62336534C00BF5620 /* Assets.xcassets */; };
		DAD5FBDA2336534C00BF5620 /* LaunchScreen.storyboard in Resources */ = {isa = PBXBuildFile; fileRef = DAD5FBD82336534C00BF5620 /* LaunchScreen.storyboard */; };
		DAD5FBE52336534C00BF5620 /* iSpend_iOSTests.swift in Sources */ = {isa = PBXBuildFile; fileRef = DAD5FBE42336534C00BF5620 /* iSpend_iOSTests.swift */; };
/* End PBXBuildFile section */

/* Begin PBXContainerItemProxy section */
		DAD5FBE12336534C00BF5620 /* PBXContainerItemProxy */ = {
			isa = PBXContainerItemProxy;
			containerPortal = DAD5FBC22336534B00BF5620 /* Project object */;
			proxyType = 1;
			remoteGlobalIDString = DAD5FBC92336534B00BF5620;
			remoteInfo = "iSpend-iOS";
		};
/* End PBXContainerItemProxy section */

/* Begin PBXFileReference section */
		DAD5FBCA2336534B00BF5620 /* iSpend-iOS.app */ = {isa = PBXFileReference; explicitFileType = wrapper.application; includeInIndex = 0; path = "iSpend-iOS.app"; sourceTree = BUILT_PRODUCTS_DIR; };
		DAD5FBCD2336534B00BF5620 /* AppDelegate.swift */ = {isa = PBXFileReference; lastKnownFileType = sourcecode.swift; path = AppDelegate.swift; sourceTree = "<group>"; };
		DAD5FBCF2336534B00BF5620 /* SceneDelegate.swift */ = {isa = PBXFileReference; lastKnownFileType = sourcecode.swift; path = SceneDelegate.swift; sourceTree = "<group>"; };
		DAD5FBD12336534B00BF5620 /* ViewController.swift */ = {isa = PBXFileReference; lastKnownFileType = sourcecode.swift; path = ViewController.swift; sourceTree = "<group>"; };
		DAD5FBD42336534B00BF5620 /* Base */ = {isa = PBXFileReference; lastKnownFileType = file.storyboard; name = Base; path = Base.lproj/Main.storyboard; sourceTree = "<group>"; };
		DAD5FBD62336534C00BF5620 /* Assets.xcassets */ = {isa = PBXFileReference; lastKnownFileType = folder.assetcatalog; path = Assets.xcassets; sourceTree = "<group>"; };
		DAD5FBD92336534C00BF5620 /* Base */ = {isa = PBXFileReference; lastKnownFileType = file.storyboard; name = Base; path = Base.lproj/LaunchScreen.storyboard; sourceTree = "<group>"; };
		DAD5FBDB2336534C00BF5620 /* Info.plist */ = {isa = PBXFileReference; lastKnownFileType = text.plist.xml; path = Info.plist; sourceTree = "<group>"; };
		DAD5FBE02336534C00BF5620 /* iSpend-iOSTests.xctest */ = {isa = PBXFileReference; explicitFileType = wrapper.cfbundle; includeInIndex = 0; path = "iSpend-iOSTests.xctest"; sourceTree = BUILT_PRODUCTS_DIR; };
		DAD5FBE42336534C00BF5620 /* iSpend_iOSTests.swift */ = {isa = PBXFileReference; lastKnownFileType = sourcecode.swift; path = iSpend_iOSTests.swift; sourceTree = "<group>"; };
		DAD5FBE62336534C00BF5620 /* Info.plist */ = {isa = PBXFileReference; lastKnownFileType = text.plist.xml; path = Info.plist; sourceTree = "<group>"; };
/* End PBXFileReference section */

/* Begin PBXFrameworksBuildPhase section */
		DAD5FBC72336534B00BF5620 /* Frameworks */ = {
			isa = PBXFrameworksBuildPhase;
			buildActionMask = 2147483647;
			files = (
			);
			runOnlyForDeploymentPostprocessing = 0;
		};
		DAD5FBDD2336534C00BF5620 /* Frameworks */ = {
			isa = PBXFrameworksBuildPhase;
			buildActionMask = 2147483647;
			files = (
			);
			runOnlyForDeploymentPostprocessing = 0;
		};
/* End PBXFrameworksBuildPhase section */

/* Begin PBXGroup section */
		DAD5FBC12336534B00BF5620 = {
			isa = PBXGroup;
			children = (
				DAD5FBCC2336534B00BF5620 /* iSpend-iOS */,
				DAD5FBE32336534C00BF5620 /* iSpend-iOSTests */,
				DAD5FBCB2336534B00BF5620 /* Products */,
			);
			sourceTree = "<group>";
		};
		DAD5FBCB2336534B00BF5620 /* Products */ = {
			isa = PBXGroup;
			children = (
				DAD5FBCA2336534B00BF5620 /* iSpend-iOS.app */,
				DAD5FBE02336534C00BF5620 /* iSpend-iOSTests.xctest */,
			);
			name = Products;
			sourceTree = "<group>";
		};
		DAD5FBCC2336534B00BF5620 /* iSpend-iOS */ = {
			isa = PBXGroup;
			children = (
				DAD5FBCD2336534B00BF5620 /* AppDelegate.swift */,
				DAD5FBCF2336534B00BF5620 /* SceneDelegate.swift */,
				DAD5FBD12336534B00BF5620 /* ViewController.swift */,
				DAD5FBD32336534B00BF5620 /* Main.storyboard */,
				DAD5FBD62336534C00BF5620 /* Assets.xcassets */,
				DAD5FBD82336534C00BF5620 /* LaunchScreen.storyboard */,
				DAD5FBDB2336534C00BF5620 /* Info.plist */,
			);
			path = "iSpend-iOS";
			sourceTree = "<group>";
		};
		DAD5FBE32336534C00BF5620 /* iSpend-iOSTests */ = {
			isa = PBXGroup;
			children = (
				DAD5FBE42336534C00BF5620 /* iSpend_iOSTests.swift */,
				DAD5FBE62336534C00BF5620 /* Info.plist */,
			);
			path = "iSpend-iOSTests";
			sourceTree = "<group>";
		};
/* End PBXGroup section */

/* Begin PBXNativeTarget section */
		DAD5FBC92336534B00BF5620 /* iSpend-iOS */ = {
			isa = PBXNativeTarget;
			buildConfigurationList = DAD5FBE92336534C00BF5620 /* Build configuration list for PBXNativeTarget "iSpend-iOS" */;
			buildPhases = (
				DAD5FBC62336534B00BF5620 /* Sources */,
				DAD5FBC72336534B00BF5620 /* Frameworks */,
				DAD5FBC82336534B00BF5620 /* Resources */,
			);
			buildRules = (
			);
			dependencies = (
			);
			name = "iSpend-iOS";
			productName = "iSpend-iOS";
			productReference = DAD5FBCA2336534B00BF5620 /* iSpend-iOS.app */;
			productType = "com.apple.product-type.application";
		};
		DAD5FBDF2336534C00BF5620 /* iSpend-iOSTests */ = {
			isa = PBXNativeTarget;
			buildConfigurationList = DAD5FBEC2336534C00BF5620 /* Build configuration list for PBXNativeTarget "iSpend-iOSTests" */;
			buildPhases = (
				DAD5FBDC2336534C00BF5620 /* Sources */,
				DAD5FBDD2336534C00BF5620 /* Frameworks */,
				DAD5FBDE2336534C00BF5620 /* Resources */,
			);
			buildRules = (
			);
			dependencies = (
				DAD5FBE22336534C00BF5620 /* PBXTargetDependency */,
			);
			name = "iSpend-iOSTests";
			productName = "iSpend-iOSTests";
			productReference = DAD5FBE02336534C00BF5620 /* iSpend-iOSTests.xctest */;
			productType = "com.apple.product-type.bundle.unit-test";
		};
/* End PBXNativeTarget section */

/* Begin PBXProject section */
		DAD5FBC22336534B00BF5620 /* Project object */ = {
			isa = PBXProject;
			attributes = {
				LastSwiftUpdateCheck = 1100;
				LastUpgradeCheck = 1100;
				ORGANIZATIONNAME = serj;
				TargetAttributes = {
					DAD5FBC92336534B00BF5620 = {
						CreatedOnToolsVersion = 11.0;
					};
					DAD5FBDF2336534C00BF5620 = {
						CreatedOnToolsVersion = 11.0;
						TestTargetID = DAD5FBC92336534B00BF5620;
					};
				};
			};
			buildConfigurationList = DAD5FBC52336534B00BF5620 /* Build configuration list for PBXProject "iSpend-iOS" */;
			compatibilityVersion = "Xcode 9.3";
			developmentRegion = en;
			hasScannedForEncodings = 0;
			knownRegions = (
				en,
				Base,
			);
			mainGroup = DAD5FBC12336534B00BF5620;
			productRefGroup = DAD5FBCB2336534B00BF5620 /* Products */;
			projectDirPath = "";
			projectRoot = "";
			targets = (
				DAD5FBC92336534B00BF5620 /* iSpend-iOS */,
				DAD5FBDF2336534C00BF5620 /* iSpend-iOSTests */,
			);
		};
/* End PBXProject section */

/* Begin PBXResourcesBuildPhase section */
		DAD5FBC82336534B00BF5620 /* Resources */ = {
			isa = PBXResourcesBuildPhase;
			buildActionMask = 2147483647;
			files = (
				DAD5FBDA2336534C00BF5620 /* LaunchScreen.storyboard in Resources */,
				DAD5FBD72336534C00BF5620 /* Assets.xcassets in Resources */,
				DAD5FBD52336534B00BF5620 /* Main.storyboard in Resources */,
			);
			runOnlyForDeploymentPostprocessing = 0;
		};
		DAD5FBDE2336534C00BF5620 /* Resources */ = {
			isa = PBXResourcesBuildPhase;
			buildActionMask = 2147483647;
			files = (
			);
			runOnlyForDeploymentPostprocessing = 0;
		};
/* End PBXResourcesBuildPhase section */

/* Begin PBXSourcesBuildPhase section */
		DAD5FBC62336534B00BF5620 /* Sources */ = {
			isa = PBXSourcesBuildPhase;
			buildActionMask = 2147483647;
			files = (
				DAD5FBD22336534B00BF5620 /* ViewController.swift in Sources */,
				DAD5FBCE2336534B00BF5620 /* AppDelegate.swift in Sources */,
				DAD5FBD02336534B00BF5620 /* SceneDelegate.swift in Sources */,
			);
			runOnlyForDeploymentPostprocessing = 0;
		};
		DAD5FBDC2336534C00BF5620 /* Sources */ = {
			isa = PBXSourcesBuildPhase;
			buildActionMask = 2147483647;
			files = (
				DAD5FBE52336534C00BF5620 /* iSpend_iOSTests.swift in Sources */,
			);
			runOnlyForDeploymentPostprocessing = 0;
		};
/* End PBXSourcesBuildPhase section */

/* Begin PBXTargetDependency section */
		DAD5FBE22336534C00BF5620 /* PBXTargetDependency */ = {
			isa = PBXTargetDependency;
			target = DAD5FBC92336534B00BF5620 /* iSpend-iOS */;
			targetProxy = DAD5FBE12336534C00BF5620 /* PBXContainerItemProxy */;
		};
/* End PBXTargetDependency section */

/* Begin PBXVariantGroup section */
		DAD5FBD32336534B00BF5620 /* Main.storyboard */ = {
			isa = PBXVariantGroup;
			children = (
				DAD5FBD42336534B00BF5620 /* Base */,
			);
			name = Main.storyboard;
			sourceTree = "<group>";
		};
		DAD5FBD82336534C00BF5620 /* LaunchScreen.storyboard */ = {
			isa = PBXVariantGroup;
			children = (
				DAD5FBD92336534C00BF5620 /* Base */,
			);
			name = LaunchScreen.storyboard;
			sourceTree = "<group>";
		};
/* End PBXVariantGroup section */

/* Begin XCBuildConfiguration section */
		DAD5FBE72336534C00BF5620 /* Debug */ = {
			isa = XCBuildConfiguration;
			buildSettings = {
				ALWAYS_SEARCH_USER_PATHS = NO;
				CLANG_ANALYZER_NONNULL = YES;
				CLANG_ANALYZER_NUMBER_OBJECT_CONVERSION = YES_AGGRESSIVE;
				CLANG_CXX_LANGUAGE_STANDARD = "gnu++14";
				CLANG_CXX_LIBRARY = "libc++";
				CLANG_ENABLE_MODULES = YES;
				CLANG_ENABLE_OBJC_ARC = YES;
				CLANG_ENABLE_OBJC_WEAK = YES;
				CLANG_WARN_BLOCK_CAPTURE_AUTORELEASING = YES;
				CLANG_WARN_BOOL_CONVERSION = YES;
				CLANG_WARN_COMMA = YES;
				CLANG_WARN_CONSTANT_CONVERSION = YES;
				CLANG_WARN_DEPRECATED_OBJC_IMPLEMENTATIONS = YES;
				CLANG_WARN_DIRECT_OBJC_ISA_USAGE = YES_ERROR;
				CLANG_WARN_DOCUMENTATION_COMMENTS = YES;
				CLANG_WARN_EMPTY_BODY = YES;
				CLANG_WARN_ENUM_CONVERSION = YES;
				CLANG_WARN_INFINITE_RECURSION = YES;
				CLANG_WARN_INT_CONVERSION = YES;
				CLANG_WARN_NON_LITERAL_NULL_CONVERSION = YES;
				CLANG_WARN_OBJC_IMPLICIT_RETAIN_SELF = YES;
				CLANG_WARN_OBJC_LITERAL_CONVERSION = YES;
				CLANG_WARN_OBJC_ROOT_CLASS = YES_ERROR;
				CLANG_WARN_RANGE_LOOP_ANALYSIS = YES;
				CLANG_WARN_STRICT_PROTOTYPES = YES;
				CLANG_WARN_SUSPICIOUS_MOVE = YES;
				CLANG_WARN_UNGUARDED_AVAILABILITY = YES_AGGRESSIVE;
				CLANG_WARN_UNREACHABLE_CODE = YES;
				CLANG_WARN__DUPLICATE_METHOD_MATCH = YES;
				COPY_PHASE_STRIP = NO;
				DEBUG_INFORMATION_FORMAT = dwarf;
				ENABLE_STRICT_OBJC_MSGSEND = YES;
				ENABLE_TESTABILITY = YES;
				GCC_C_LANGUAGE_STANDARD = gnu11;
				GCC_DYNAMIC_NO_PIC = NO;
				GCC_NO_COMMON_BLOCKS = YES;
				GCC_OPTIMIZATION_LEVEL = 0;
				GCC_PREPROCESSOR_DEFINITIONS = (
					"DEBUG=1",
					"$(inherited)",
				);
				GCC_WARN_64_TO_32_BIT_CONVERSION = YES;
				GCC_WARN_ABOUT_RETURN_TYPE = YES_ERROR;
				GCC_WARN_UNDECLARED_SELECTOR = YES;
				GCC_WARN_UNINITIALIZED_AUTOS = YES_AGGRESSIVE;
				GCC_WARN_UNUSED_FUNCTION = YES;
				GCC_WARN_UNUSED_VARIABLE = YES;
				IPHONEOS_DEPLOYMENT_TARGET = 12.0;
				MTL_ENABLE_DEBUG_INFO = INCLUDE_SOURCE;
				MTL_FAST_MATH = YES;
				ONLY_ACTIVE_ARCH = YES;
				SDKROOT = iphoneos;
				SWIFT_ACTIVE_COMPILATION_CONDITIONS = DEBUG;
				SWIFT_OPTIMIZATION_LEVEL = "-Onone";
			};
			name = Debug;
		};
		DAD5FBE82336534C00BF5620 /* Release */ = {
			isa = XCBuildConfiguration;
			buildSettings = {
				ALWAYS_SEARCH_USER_PATHS = NO;
				CLANG_ANALYZER_NONNULL = YES;
				CLANG_ANALYZER_NUMBER_OBJECT_CONVERSION = YES_AGGRESSIVE;
				CLANG_CXX_LANGUAGE_STANDARD = "gnu++14";
				CLANG_CXX_LIBRARY = "libc++";
				CLANG_ENABLE_MODULES = YES;
				CLANG_ENABLE_OBJC_ARC = YES;
				CLANG_ENABLE_OBJC_WEAK = YES;
				CLANG_WARN_BLOCK_CAPTURE_AUTORELEASING = YES;
				CLANG_WARN_BOOL_CONVERSION = YES;
				CLANG_WARN_COMMA = YES;
				CLANG_WARN_CONSTANT_CONVERSION = YES;
				CLANG_WARN_DEPRECATED_OBJC_IMPLEMENTATIONS = YES;
				CLANG_WARN_DIRECT_OBJC_ISA_USAGE = YES_ERROR;
				CLANG_WARN_DOCUMENTATION_COMMENTS = YES;
				CLANG_WARN_EMPTY_BODY = YES;
				CLANG_WARN_ENUM_CONVERSION = YES;
				CLANG_WARN_INFINITE_RECURSION = YES;
				CLANG_WARN_INT_CONVERSION = YES;
				CLANG_WARN_NON_LITERAL_NULL_CONVERSION = YES;
				CLANG_WARN_OBJC_IMPLICIT_RETAIN_SELF = YES;
				CLANG_WARN_OBJC_LITERAL_CONVERSION = YES;
				CLANG_WARN_OBJC_ROOT_CLASS = YES_ERROR;
				CLANG_WARN_RANGE_LOOP_ANALYSIS = YES;
				CLANG_WARN_STRICT_PROTOTYPES = YES;
				CLANG_WARN_SUSPICIOUS_MOVE = YES;
				CLANG_WARN_UNGUARDED_AVAILABILITY = YES_AGGRESSIVE;
				CLANG_WARN_UNREACHABLE_CODE = YES;
				CLANG_WARN__DUPLICATE_METHOD_MATCH = YES;
				COPY_PHASE_STRIP = NO;
				DEBUG_INFORMATION_FORMAT = "dwarf-with-dsym";
				ENABLE_NS_ASSERTIONS = NO;
				ENABLE_STRICT_OBJC_MSGSEND = YES;
				GCC_C_LANGUAGE_STANDARD = gnu11;
				GCC_NO_COMMON_BLOCKS = YES;
				GCC_WARN_64_TO_32_BIT_CONVERSION = YES;
				GCC_WARN_ABOUT_RETURN_TYPE = YES_ERROR;
				GCC_WARN_UNDECLARED_SELECTOR = YES;
				GCC_WARN_UNINITIALIZED_AUTOS = YES_AGGRESSIVE;
				GCC_WARN_UNUSED_FUNCTION = YES;
				GCC_WARN_UNUSED_VARIABLE = YES;
				IPHONEOS_DEPLOYMENT_TARGET = 12.0;
				MTL_ENABLE_DEBUG_INFO = NO;
				MTL_FAST_MATH = YES;
				SDKROOT = iphoneos;
				SWIFT_COMPILATION_MODE = wholemodule;
				SWIFT_OPTIMIZATION_LEVEL = "-O";
				VALIDATE_PRODUCT = YES;
			};
			name = Release;
		};
		DAD5FBEA2336534C00BF5620 /* Debug */ = {
			isa = XCBuildConfiguration;
			buildSettings = {
				ASSETCATALOG_COMPILER_APPICON_NAME = AppIcon;
				CODE_SIGN_STYLE = Automatic;
				DEVELOPMENT_TEAM = ULPRD8K57W;
				INFOPLIST_FILE = "iSpend-iOS/Info.plist";
				LD_RUNPATH_SEARCH_PATHS = (
					"$(inherited)",
					"@executable_path/Frameworks",
				);
				PRODUCT_BUNDLE_IDENTIFIER = "serjspends.de.iSpend-iOS";
				PRODUCT_NAME = "$(TARGET_NAME)";
				SWIFT_VERSION = 5.0;
				TARGETED_DEVICE_FAMILY = "1,2";
			};
			name = Debug;
		};
		DAD5FBEB2336534C00BF5620 /* Release */ = {
			isa = XCBuildConfiguration;
			buildSettings = {
				ASSETCATALOG_COMPILER_APPICON_NAME = AppIcon;
				CODE_SIGN_STYLE = Automatic;
				DEVELOPMENT_TEAM = ULPRD8K57W;
				INFOPLIST_FILE = "iSpend-iOS/Info.plist";
				LD_RUNPATH_SEARCH_PATHS = (
					"$(inherited)",
					"@executable_path/Frameworks",
				);
				PRODUCT_BUNDLE_IDENTIFIER = "serjspends.de.iSpend-iOS";
				PRODUCT_NAME = "$(TARGET_NAME)";
				SWIFT_VERSION = 5.0;
				TARGETED_DEVICE_FAMILY = "1,2";
			};
			name = Release;
		};
		DAD5FBED2336534C00BF5620 /* Debug */ = {
			isa = XCBuildConfiguration;
			buildSettings = {
				ALWAYS_EMBED_SWIFT_STANDARD_LIBRARIES = YES;
				BUNDLE_LOADER = "$(TEST_HOST)";
				CODE_SIGN_STYLE = Automatic;
				DEVELOPMENT_TEAM = ULPRD8K57W;
				INFOPLIST_FILE = "iSpend-iOSTests/Info.plist";
				IPHONEOS_DEPLOYMENT_TARGET = 13.0;
				LD_RUNPATH_SEARCH_PATHS = (
					"$(inherited)",
					"@executable_path/Frameworks",
					"@loader_path/Frameworks",
				);
				PRODUCT_BUNDLE_IDENTIFIER = "serjspends.de.iSpend-iOSTests";
				PRODUCT_NAME = "$(TARGET_NAME)";
				SWIFT_VERSION = 5.0;
				TARGETED_DEVICE_FAMILY = "1,2";
				TEST_HOST = "$(BUILT_PRODUCTS_DIR)/iSpend-iOS.app/iSpend-iOS";
			};
			name = Debug;
		};
		DAD5FBEE2336534C00BF5620 /* Release */ = {
			isa = XCBuildConfiguration;
			buildSettings = {
				ALWAYS_EMBED_SWIFT_STANDARD_LIBRARIES = YES;
				BUNDLE_LOADER = "$(TEST_HOST)";
				CODE_SIGN_STYLE = Automatic;
				DEVELOPMENT_TEAM = ULPRD8K57W;
				INFOPLIST_FILE = "iSpend-iOSTests/Info.plist";
				IPHONEOS_DEPLOYMENT_TARGET = 13.0;
				LD_RUNPATH_SEARCH_PATHS = (
					"$(inherited)",
					"@executable_path/Frameworks",
					"@loader_path/Frameworks",
				);
				PRODUCT_BUNDLE_IDENTIFIER = "serjspends.de.iSpend-iOSTests";
				PRODUCT_NAME = "$(TARGET_NAME)";
				SWIFT_VERSION = 5.0;
				TARGETED_DEVICE_FAMILY = "1,2";
				TEST_HOST = "$(BUILT_PRODUCTS_DIR)/iSpend-iOS.app/iSpend-iOS";
			};
			name = Release;
		};
/* End XCBuildConfiguration section */

/* Begin XCConfigurationList section */
		DAD5FBC52336534B00BF5620 /* Build configuration list for PBXProject "iSpend-iOS" */ = {
			isa = XCConfigurationList;
			buildConfigurations = (
				DAD5FBE72336534C00BF5620 /* Debug */,
				DAD5FBE82336534C00BF5620 /* Release */,
			);
			defaultConfigurationIsVisible = 0;
			defaultConfigurationName = Release;
		};
		DAD5FBE92336534C00BF5620 /* Build configuration list for PBXNativeTarget "iSpend-iOS" */ = {
			isa = XCConfigurationList;
			buildConfigurations = (
				DAD5FBEA2336534C00BF5620 /* Debug */,
				DAD5FBEB2336534C00BF5620 /* Release */,
			);
			defaultConfigurationIsVisible = 0;
			defaultConfigurationName = Release;
		};
		DAD5FBEC2336534C00BF5620 /* Build configuration list for PBXNativeTarget "iSpend-iOSTests" */ = {
			isa = XCConfigurationList;
			buildConfigurations = (
				DAD5FBED2336534C00BF5620 /* Debug */,
				DAD5FBEE2336534C00BF5620 /* Release */,
			);
			defaultConfigurationIsVisible = 0;
			defaultConfigurationName = Release;
		};
/* End XCConfigurationList section */
	};
	rootObject = DAD5FBC22336534B00BF5620 /* Project object */;
}
